
Microsoft Visual Studio Solution File, Format Version 12.00
# Visual Studio Version 17
VisualStudioVersion = 17.12.35514.174
MinimumVisualStudioVersion = 10.0.40219.1
Project("{FAE04EC0-301F-11D3-BF4B-00C04F79EFBC}") = "StandaloneWasm", "StandaloneWasm\StandaloneWasm.csproj", "{5C4701F9-0C7D-4C90-A87A-666E76FE1E69}"
EndProject
Project("{FAE04EC0-301F-11D3-BF4B-00C04F79EFBC}") = "StandaloneServer", "StandaloneServer\StandaloneServer.csproj", "{A9B0FCF0-C75A-4F6F-A852-A4DBAC2FE719}"
EndProject
Project("{FAE04EC0-301F-11D3-BF4B-00C04F79EFBC}") = "DemoProject", "DemoProject\DemoProject.csproj", "{2D42A6C8-A9F7-46D5-80CF-6B12D9450680}"
EndProject
Project("{FAE04EC0-301F-11D3-BF4B-00C04F79EFBC}") = "BlazorApp1.Client", "BlazorApp1\BlazorApp1.Client\BlazorApp1.Client.csproj", "{5B9B657F-DE50-4D65-9CE3-8EBEA3AC94B6}"
EndProject
Project("{FAE04EC0-301F-11D3-BF4B-00C04F79EFBC}") = "DemoProject.Tests", "DemoProject.Tests\DemoProject.Tests.csproj", "{9EAFEFA5-D544-4AD9-BC13-FC4005C37B58}"
EndProject
Project("{FAE04EC0-301F-11D3-BF4B-00C04F79EFBC}") = "BlazorApp1.Client.Tests", "BlazorApp1.Client.Tests\BlazorApp1.Client.Tests.csproj", "{8B3F2718-528F-45FE-BF19-F65A44F239FD}"
EndProject
Global
	GlobalSection(SolutionConfigurationPlatforms) = preSolution
		Debug|Any CPU = Debug|Any CPU
		Release|Any CPU = Release|Any CPU
	EndGlobalSection
	GlobalSection(ProjectConfigurationPlatforms) = postSolution
		{5C4701F9-0C7D-4C90-A87A-666E76FE1E69}.Debug|Any CPU.ActiveCfg = Debug|Any CPU
		{5C4701F9-0C7D-4C90-A87A-666E76FE1E69}.Debug|Any CPU.Build.0 = Debug|Any CPU
		{5C4701F9-0C7D-4C90-A87A-666E76FE1E69}.Release|Any CPU.ActiveCfg = Release|Any CPU
		{5C4701F9-0C7D-4C90-A87A-666E76FE1E69}.Release|Any CPU.Build.0 = Release|Any CPU
		{A9B0FCF0-C75A-4F6F-A852-A4DBAC2FE719}.Debug|Any CPU.ActiveCfg = Debug|Any CPU
		{A9B0FCF0-C75A-4F6F-A852-A4DBAC2FE719}.Debug|Any CPU.Build.0 = Debug|Any CPU
		{A9B0FCF0-C75A-4F6F-A852-A4DBAC2FE719}.Release|Any CPU.ActiveCfg = Release|Any CPU
		{A9B0FCF0-C75A-4F6F-A852-A4DBAC2FE719}.Release|Any CPU.Build.0 = Release|Any CPU
		{2D42A6C8-A9F7-46D5-80CF-6B12D9450680}.Debug|Any CPU.ActiveCfg = Debug|Any CPU
		{2D42A6C8-A9F7-46D5-80CF-6B12D9450680}.Debug|Any CPU.Build.0 = Debug|Any CPU
		{2D42A6C8-A9F7-46D5-80CF-6B12D9450680}.Release|Any CPU.ActiveCfg = Release|Any CPU
		{2D42A6C8-A9F7-46D5-80CF-6B12D9450680}.Release|Any CPU.Build.0 = Release|Any CPU
		{5B9B657F-DE50-4D65-9CE3-8EBEA3AC94B6}.Debug|Any CPU.ActiveCfg = Debug|Any CPU
		{5B9B657F-DE50-4D65-9CE3-8EBEA3AC94B6}.Debug|Any CPU.Build.0 = Debug|Any CPU
		{5B9B657F-DE50-4D65-9CE3-8EBEA3AC94B6}.Release|Any CPU.ActiveCfg = Release|Any CPU
		{5B9B657F-DE50-4D65-9CE3-8EBEA3AC94B6}.Release|Any CPU.Build.0 = Release|Any CPU
		{9EAFEFA5-D544-4AD9-BC13-FC4005C37B58}.Debug|Any CPU.ActiveCfg = Debug|Any CPU
		{9EAFEFA5-D544-4AD9-BC13-FC4005C37B58}.Debug|Any CPU.Build.0 = Debug|Any CPU
		{9EAFEFA5-D544-4AD9-BC13-FC4005C37B58}.Release|Any CPU.ActiveCfg = Release|Any CPU
		{9EAFEFA5-D544-4AD9-BC13-FC4005C37B58}.Release|Any CPU.Build.0 = Release|Any CPU
		{8B3F2718-528F-45FE-BF19-F65A44F239FD}.Debug|Any CPU.ActiveCfg = Debug|Any CPU
		{8B3F2718-528F-45FE-BF19-F65A44F239FD}.Debug|Any CPU.Build.0 = Debug|Any CPU
		{8B3F2718-528F-45FE-BF19-F65A44F239FD}.Release|Any CPU.ActiveCfg = Release|Any CPU
		{8B3F2718-528F-45FE-BF19-F65A44F239FD}.Release|Any CPU.Build.0 = Release|Any CPU
	EndGlobalSection
	GlobalSection(SolutionProperties) = preSolution
		HideSolutionNode = FALSE
	EndGlobalSection
EndGlobal
